{
	"name": "shippost",
	"version": "0.1.0",
	"lockfileVersion": 3,
	"requires": true,
	"packages": {
		"": {
			"name": "shippost",
			"version": "0.1.0",
			"license": "MIT",
			"dependencies": {
				"@anthropic-ai/sdk": "^0.71.0",
				"commander": "^12.0.0",
				"dotenv": "^17.2.3",
				"ollama": "^0.5.0",
				"open": "^11.0.0",
				"twitter-api-v2": "^1.28.0"
			},
			"bin": {
				"ship": "dist/index.js"
			},
			"devDependencies": {
				"@types/node": "^22.0.0",
				"tsx": "^4.7.0",
				"typescript": "^5.4.0"
			},
			"engines": {
				"node": ">=18.0.0"
			}
		},
		"node_modules/@anthropic-ai/sdk": {
			"version": "0.71.0",
			"resolved": "https://registry.npmjs.org/@anthropic-ai/sdk/-/sdk-0.71.0.tgz",
			"integrity": "sha512-go1XeWXmpxuiTkosSXpb8tokLk2ZLkIRcXpbWVwJM6gH5OBtHOVsfPfGuqI1oW7RRt4qc59EmYbrXRZ0Ng06Jw==",
			"license": "MIT",
			"dependencies": {
				"json-schema-to-ts": "^3.1.1"
			},
			"bin": {
				"anthropic-ai-sdk": "bin/cli"
			},
			"peerDependencies": {
				"zod": "^3.25.0 || ^4.0.0"
			},
			"peerDependenciesMeta": {
				"zod": {
					"optional": true
				}
			}
		},
		"node_modules/@babel/runtime": {
			"version": "7.28.4",
			"resolved": "https://registry.npmjs.org/@babel/runtime/-/runtime-7.28.4.tgz",
			"integrity": "sha512-Q/N6JNWvIvPnLDvjlE1OUBLPQHH6l3CltCEsHIujp45zQUSSh8K+gHnaEX45yAT1nyngnINhvWtzN+Nb9D8RAQ==",
			"license": "MIT",
			"engines": {
				"node": ">=6.9.0"
			}
		},
		"node_modules/@esbuild/darwin-arm64": {
			"version": "0.27.0",
			"resolved": "https://registry.npmjs.org/@esbuild/darwin-arm64/-/darwin-arm64-0.27.0.tgz",
			"integrity": "sha512-uJOQKYCcHhg07DL7i8MzjvS2LaP7W7Pn/7uA0B5S1EnqAirJtbyw4yC5jQ5qcFjHK9l6o/MX9QisBg12kNkdHg==",
			"cpu": [
				"arm64"
			],
			"dev": true,
			"license": "MIT",
			"optional": true,
			"os": [
				"darwin"
			],
			"engines": {
				"node": ">=18"
			}
		},
		"node_modules/@types/node": {
			"version": "22.19.1",
			"resolved": "https://registry.npmjs.org/@types/node/-/node-22.19.1.tgz",
			"integrity": "sha512-LCCV0HdSZZZb34qifBsyWlUmok6W7ouER+oQIGBScS8EsZsQbrtFTUrDX4hOl+CS6p7cnNC4td+qrSVGSCTUfQ==",
			"dev": true,
			"license": "MIT",
			"dependencies": {
				"undici-types": "~6.21.0"
			}
		},
		"node_modules/bundle-name": {
			"version": "4.1.0",
			"resolved": "https://registry.npmjs.org/bundle-name/-/bundle-name-4.1.0.tgz",
			"integrity": "sha512-tjwM5exMg6BGRI+kNmTntNsvdZS1X8BFYS6tnJ2hdH0kVxM6/eVZ2xy+FqStSWvYmtfFMDLIxurorHwDKfDz5Q==",
			"license": "MIT",
			"dependencies": {
				"run-applescript": "^7.0.0"
			},
			"engines": {
				"node": ">=18"
			},
			"funding": {
				"url": "https://github.com/sponsors/sindresorhus"
			}
		},
		"node_modules/commander": {
			"version": "12.1.0",
			"resolved": "https://registry.npmjs.org/commander/-/commander-12.1.0.tgz",
			"integrity": "sha512-Vw8qHK3bZM9y/P10u3Vib8o/DdkvA2OtPtZvD871QKjy74Wj1WSKFILMPRPSdUSx5RFK1arlJzEtA4PkFgnbuA==",
			"license": "MIT",
			"engines": {
				"node": ">=18"
			}
		},
		"node_modules/default-browser": {
			"version": "5.4.0",
			"resolved": "https://registry.npmjs.org/default-browser/-/default-browser-5.4.0.tgz",
			"integrity": "sha512-XDuvSq38Hr1MdN47EDvYtx3U0MTqpCEn+F6ft8z2vYDzMrvQhVp0ui9oQdqW3MvK3vqUETglt1tVGgjLuJ5izg==",
			"license": "MIT",
			"dependencies": {
				"bundle-name": "^4.1.0",
				"default-browser-id": "^5.0.0"
			},
			"engines": {
				"node": ">=18"
			},
			"funding": {
				"url": "https://github.com/sponsors/sindresorhus"
			}
		},
		"node_modules/default-browser-id": {
			"version": "5.0.1",
			"resolved": "https://registry.npmjs.org/default-browser-id/-/default-browser-id-5.0.1.tgz",
			"integrity": "sha512-x1VCxdX4t+8wVfd1so/9w+vQ4vx7lKd2Qp5tDRutErwmR85OgmfX7RlLRMWafRMY7hbEiXIbudNrjOAPa/hL8Q==",
			"license": "MIT",
			"engines": {
				"node": ">=18"
			},
			"funding": {
				"url": "https://github.com/sponsors/sindresorhus"
			}
		},
		"node_modules/define-lazy-prop": {
			"version": "3.0.0",
			"resolved": "https://registry.npmjs.org/define-lazy-prop/-/define-lazy-prop-3.0.0.tgz",
			"integrity": "sha512-N+MeXYoqr3pOgn8xfyRPREN7gHakLYjhsHhWGT3fWAiL4IkAt0iDw14QiiEm2bE30c5XX5q0FtAA3CK5f9/BUg==",
			"license": "MIT",
			"engines": {
				"node": ">=12"
			},
			"funding": {
				"url": "https://github.com/sponsors/sindresorhus"
			}
		},
		"node_modules/dotenv": {
			"version": "17.2.3",
			"resolved": "https://registry.npmjs.org/dotenv/-/dotenv-17.2.3.tgz",
			"integrity": "sha512-JVUnt+DUIzu87TABbhPmNfVdBDt18BLOWjMUFJMSi/Qqg7NTYtabbvSNJGOJ7afbRuv9D/lngizHtP7QyLQ+9w==",
			"license": "BSD-2-Clause",
			"engines": {
				"node": ">=12"
			},
			"funding": {
				"url": "https://dotenvx.com"
			}
		},
		"node_modules/esbuild": {
			"version": "0.27.0",
			"resolved": "https://registry.npmjs.org/esbuild/-/esbuild-0.27.0.tgz",
			"integrity": "sha512-jd0f4NHbD6cALCyGElNpGAOtWxSq46l9X/sWB0Nzd5er4Kz2YTm+Vl0qKFT9KUJvD8+fiO8AvoHhFvEatfVixA==",
			"dev": true,
			"hasInstallScript": true,
			"license": "MIT",
			"bin": {
				"esbuild": "bin/esbuild"
			},
			"engines": {
				"node": ">=18"
			},
			"optionalDependencies": {
				"@esbuild/aix-ppc64": "0.27.0",
				"@esbuild/android-arm": "0.27.0",
				"@esbuild/android-arm64": "0.27.0",
				"@esbuild/android-x64": "0.27.0",
				"@esbuild/darwin-arm64": "0.27.0",
				"@esbuild/darwin-x64": "0.27.0",
				"@esbuild/freebsd-arm64": "0.27.0",
				"@esbuild/freebsd-x64": "0.27.0",
				"@esbuild/linux-arm": "0.27.0",
				"@esbuild/linux-arm64": "0.27.0",
				"@esbuild/linux-ia32": "0.27.0",
				"@esbuild/linux-loong64": "0.27.0",
				"@esbuild/linux-mips64el": "0.27.0",
				"@esbuild/linux-ppc64": "0.27.0",
				"@esbuild/linux-riscv64": "0.27.0",
				"@esbuild/linux-s390x": "0.27.0",
				"@esbuild/linux-x64": "0.27.0",
				"@esbuild/netbsd-arm64": "0.27.0",
				"@esbuild/netbsd-x64": "0.27.0",
				"@esbuild/openbsd-arm64": "0.27.0",
				"@esbuild/openbsd-x64": "0.27.0",
				"@esbuild/openharmony-arm64": "0.27.0",
				"@esbuild/sunos-x64": "0.27.0",
				"@esbuild/win32-arm64": "0.27.0",
				"@esbuild/win32-ia32": "0.27.0",
				"@esbuild/win32-x64": "0.27.0"
			}
		},
		"node_modules/fsevents": {
			"version": "2.3.3",
			"resolved": "https://registry.npmjs.org/fsevents/-/fsevents-2.3.3.tgz",
			"integrity": "sha512-5xoDfX+fL7faATnagmWPpbFtwh/R77WmMMqqHGS65C3vvB0YHrgF+B1YmZ3441tMj5n63k0212XNoJwzlhffQw==",
			"dev": true,
			"hasInstallScript": true,
			"license": "MIT",
			"optional": true,
			"os": [
				"darwin"
			],
			"engines": {
				"node": "^8.16.0 || ^10.6.0 || >=11.0.0"
			}
		},
		"node_modules/get-tsconfig": {
			"version": "4.13.0",
			"resolved": "https://registry.npmjs.org/get-tsconfig/-/get-tsconfig-4.13.0.tgz",
			"integrity": "sha512-1VKTZJCwBrvbd+Wn3AOgQP/2Av+TfTCOlE4AcRJE72W1ksZXbAx8PPBR9RzgTeSPzlPMHrbANMH3LbltH73wxQ==",
			"dev": true,
			"license": "MIT",
			"dependencies": {
				"resolve-pkg-maps": "^1.0.0"
			},
			"funding": {
				"url": "https://github.com/privatenumber/get-tsconfig?sponsor=1"
			}
		},
		"node_modules/is-docker": {
			"version": "3.0.0",
			"resolved": "https://registry.npmjs.org/is-docker/-/is-docker-3.0.0.tgz",
			"integrity": "sha512-eljcgEDlEns/7AXFosB5K/2nCM4P7FQPkGc/DWLy5rmFEWvZayGrik1d9/QIY5nJ4f9YsVvBkA6kJpHn9rISdQ==",
			"license": "MIT",
			"bin": {
				"is-docker": "cli.js"
			},
			"engines": {
				"node": "^12.20.0 || ^14.13.1 || >=16.0.0"
			},
			"funding": {
				"url": "https://github.com/sponsors/sindresorhus"
			}
		},
		"node_modules/is-in-ssh": {
			"version": "1.0.0",
			"resolved": "https://registry.npmjs.org/is-in-ssh/-/is-in-ssh-1.0.0.tgz",
			"integrity": "sha512-jYa6Q9rH90kR1vKB6NM7qqd1mge3Fx4Dhw5TVlK1MUBqhEOuCagrEHMevNuCcbECmXZ0ThXkRm+Ymr51HwEPAw==",
			"license": "MIT",
			"engines": {
				"node": ">=20"
			},
			"funding": {
				"url": "https://github.com/sponsors/sindresorhus"
			}
		},
		"node_modules/is-inside-container": {
			"version": "1.0.0",
			"resolved": "https://registry.npmjs.org/is-inside-container/-/is-inside-container-1.0.0.tgz",
			"integrity": "sha512-KIYLCCJghfHZxqjYBE7rEy0OBuTd5xCHS7tHVgvCLkx7StIoaxwNW3hCALgEUjFfeRk+MG/Qxmp/vtETEF3tRA==",
			"license": "MIT",
			"dependencies": {
				"is-docker": "^3.0.0"
			},
			"bin": {
				"is-inside-container": "cli.js"
			},
			"engines": {
				"node": ">=14.16"
			},
			"funding": {
				"url": "https://github.com/sponsors/sindresorhus"
			}
		},
		"node_modules/is-wsl": {
			"version": "3.1.0",
			"resolved": "https://registry.npmjs.org/is-wsl/-/is-wsl-3.1.0.tgz",
			"integrity": "sha512-UcVfVfaK4Sc4m7X3dUSoHoozQGBEFeDC+zVo06t98xe8CzHSZZBekNXH+tu0NalHolcJ/QAGqS46Hef7QXBIMw==",
			"license": "MIT",
			"dependencies": {
				"is-inside-container": "^1.0.0"
			},
			"engines": {
				"node": ">=16"
			},
			"funding": {
				"url": "https://github.com/sponsors/sindresorhus"
			}
		},
		"node_modules/json-schema-to-ts": {
			"version": "3.1.1",
			"resolved": "https://registry.npmjs.org/json-schema-to-ts/-/json-schema-to-ts-3.1.1.tgz",
			"integrity": "sha512-+DWg8jCJG2TEnpy7kOm/7/AxaYoaRbjVB4LFZLySZlWn8exGs3A4OLJR966cVvU26N7X9TWxl+Jsw7dzAqKT6g==",
			"license": "MIT",
			"dependencies": {
				"@babel/runtime": "^7.18.3",
				"ts-algebra": "^2.0.0"
			},
			"engines": {
				"node": ">=16"
			}
		},
		"node_modules/ollama": {
			"version": "0.5.18",
			"resolved": "https://registry.npmjs.org/ollama/-/ollama-0.5.18.tgz",
			"integrity": "sha512-lTFqTf9bo7Cd3hpF6CviBe/DEhewjoZYd9N/uCe7O20qYTvGqrNOFOBDj3lbZgFWHUgDv5EeyusYxsZSLS8nvg==",
			"license": "MIT",
			"dependencies": {
				"whatwg-fetch": "^3.6.20"
			}
		},
		"node_modules/open": {
			"version": "11.0.0",
			"resolved": "https://registry.npmjs.org/open/-/open-11.0.0.tgz",
			"integrity": "sha512-smsWv2LzFjP03xmvFoJ331ss6h+jixfA4UUV/Bsiyuu4YJPfN+FIQGOIiv4w9/+MoHkfkJ22UIaQWRVFRfH6Vw==",
			"license": "MIT",
			"dependencies": {
				"default-browser": "^5.4.0",
				"define-lazy-prop": "^3.0.0",
				"is-in-ssh": "^1.0.0",
				"is-inside-container": "^1.0.0",
				"powershell-utils": "^0.1.0",
				"wsl-utils": "^0.3.0"
			},
			"engines": {
				"node": ">=20"
			},
			"funding": {
				"url": "https://github.com/sponsors/sindresorhus"
			}
		},
		"node_modules/powershell-utils": {
			"version": "0.1.0",
			"resolved": "https://registry.npmjs.org/powershell-utils/-/powershell-utils-0.1.0.tgz",
			"integrity": "sha512-dM0jVuXJPsDN6DvRpea484tCUaMiXWjuCn++HGTqUWzGDjv5tZkEZldAJ/UMlqRYGFrD/etByo4/xOuC/snX2A==",
			"license": "MIT",
			"engines": {
				"node": ">=20"
			},
			"funding": {
				"url": "https://github.com/sponsors/sindresorhus"
			}
		},
		"node_modules/resolve-pkg-maps": {
			"version": "1.0.0",
			"resolved": "https://registry.npmjs.org/resolve-pkg-maps/-/resolve-pkg-maps-1.0.0.tgz",
			"integrity": "sha512-seS2Tj26TBVOC2NIc2rOe2y2ZO7efxITtLZcGSOnHHNOQ7CkiUBfw0Iw2ck6xkIhPwLhKNLS8BO+hEpngQlqzw==",
			"dev": true,
			"license": "MIT",
			"funding": {
				"url": "https://github.com/privatenumber/resolve-pkg-maps?sponsor=1"
			}
		},
		"node_modules/run-applescript": {
			"version": "7.1.0",
			"resolved": "https://registry.npmjs.org/run-applescript/-/run-applescript-7.1.0.tgz",
			"integrity": "sha512-DPe5pVFaAsinSaV6QjQ6gdiedWDcRCbUuiQfQa2wmWV7+xC9bGulGI8+TdRmoFkAPaBXk8CrAbnlY2ISniJ47Q==",
			"license": "MIT",
			"engines": {
				"node": ">=18"
			},
			"funding": {
				"url": "https://github.com/sponsors/sindresorhus"
			}
		},
		"node_modules/ts-algebra": {
			"version": "2.0.0",
			"resolved": "https://registry.npmjs.org/ts-algebra/-/ts-algebra-2.0.0.tgz",
			"integrity": "sha512-FPAhNPFMrkwz76P7cdjdmiShwMynZYN6SgOujD1urY4oNm80Ou9oMdmbR45LotcKOXoy7wSmHkRFE6Mxbrhefw==",
			"license": "MIT"
		},
		"node_modules/tsx": {
			"version": "4.21.0",
			"resolved": "https://registry.npmjs.org/tsx/-/tsx-4.21.0.tgz",
			"integrity": "sha512-5C1sg4USs1lfG0GFb2RLXsdpXqBSEhAaA/0kPL01wxzpMqLILNxIxIOKiILz+cdg/pLnOUxFYOR5yhHU666wbw==",
			"dev": true,
			"license": "MIT",
			"dependencies": {
				"esbuild": "~0.27.0",
				"get-tsconfig": "^4.7.5"
			},
			"bin": {
				"tsx": "dist/cli.mjs"
			},
			"engines": {
				"node": ">=18.0.0"
			},
			"optionalDependencies": {
				"fsevents": "~2.3.3"
			}
		},
		"node_modules/twitter-api-v2": {
			"version": "1.28.0",
			"resolved": "https://registry.npmjs.org/twitter-api-v2/-/twitter-api-v2-1.28.0.tgz",
			"integrity": "sha512-VBmiAMylCEr94OChaHJ+0TBrOZNrduwWUe7QLoa/KdOdv1fNiToJ0xZGOrNKFd2B7jrAdAkfUW6yA5LuXYOYLQ==",
			"license": "Apache-2.0"
		},
		"node_modules/typescript": {
			"version": "5.9.3",
			"resolved": "https://registry.npmjs.org/typescript/-/typescript-5.9.3.tgz",
			"integrity": "sha512-jl1vZzPDinLr9eUt3J/t7V6FgNEw9QjvBPdysz9KfQDD41fQrC2Y4vKQdiaUpFT4bXlb1RHhLpp8wtm6M5TgSw==",
			"dev": true,
			"license": "Apache-2.0",
			"bin": {
				"tsc": "bin/tsc",
				"tsserver": "bin/tsserver"
			},
			"engines": {
				"node": ">=14.17"
			}
		},
		"node_modules/undici-types": {
			"version": "6.21.0",
			"resolved": "https://registry.npmjs.org/undici-types/-/undici-types-6.21.0.tgz",
			"integrity": "sha512-iwDZqg0QAGrg9Rav5H4n0M64c3mkR59cJ6wQp+7C4nI0gsmExaedaYLNO44eT4AtBBwjbTiGPMlt2Md0T9H9JQ==",
			"dev": true,
			"license": "MIT"
		},
		"node_modules/whatwg-fetch": {
			"version": "3.6.20",
			"resolved": "https://registry.npmjs.org/whatwg-fetch/-/whatwg-fetch-3.6.20.tgz",
			"integrity": "sha512-EqhiFU6daOA8kpjOWTL0olhVOF3i7OrFzSYiGsEMB8GcXS+RrzauAERX65xMeNWVqxA6HXH2m69Z9LaKKdisfg==",
			"license": "MIT"
		},
		"node_modules/wsl-utils": {
			"version": "0.3.0",
			"resolved": "https://registry.npmjs.org/wsl-utils/-/wsl-utils-0.3.0.tgz",
			"integrity": "sha512-3sFIGLiaDP7rTO4xh3g+b3AzhYDIUGGywE/WsmqzJWDxus5aJXVnPTNC/6L+r2WzrwXqVOdD262OaO+cEyPMSQ==",
			"license": "MIT",
			"dependencies": {
				"is-wsl": "^3.1.0",
				"powershell-utils": "^0.1.0"
			},
			"engines": {
				"node": ">=20"
			},
			"funding": {
				"url": "https://github.com/sponsors/sindresorhus"
			}
		}
	}
}
